
Microsoft Visual Studio Solution File, Format Version 12.00
# Visual Studio Version 16
VisualStudioVersion = 16.0.31025.194
MinimumVisualStudioVersion = 10.0.40219.1
Project("{9A19103F-16F7-4668-BE54-9A1E7A4F7556}") = "ApiTest", "ApiTest\ApiTest.csproj", "{9ADE27E7-4D71-4319-8397-D6E78A95E2EC}"
EndProject
Project("{FAE04EC0-301F-11D3-BF4B-00C04F79EFBC}") = "ApiConsumo", "ApiConsumo\ApiConsumo.csproj", "{2E2B4FE3-FE57-4E90-B2B6-2928B7B7D4CE}"
EndProject
Global
	GlobalSection(SolutionConfigurationPlatforms) = preSolution
		Debug|Any CPU = Debug|Any CPU
		Release|Any CPU = Release|Any CPU
	EndGlobalSection
	GlobalSection(ProjectConfigurationPlatforms) = postSolution
		{9ADE27E7-4D71-4319-8397-D6E78A95E2EC}.Debug|Any CPU.ActiveCfg = Debug|Any CPU
		{9ADE27E7-4D71-4319-8397-D6E78A95E2EC}.Debug|Any CPU.Build.0 = Debug|Any CPU
		{9ADE27E7-4D71-4319-8397-D6E78A95E2EC}.Release|Any CPU.ActiveCfg = Release|Any CPU
		{9ADE27E7-4D71-4319-8397-D6E78A95E2EC}.Release|Any CPU.Build.0 = Release|Any CPU
		{2E2B4FE3-FE57-4E90-B2B6-2928B7B7D4CE}.Debug|Any CPU.ActiveCfg = Debug|Any CPU
		{2E2B4FE3-FE57-4E90-B2B6-2928B7B7D4CE}.Debug|Any CPU.Build.0 = Debug|Any CPU
		{2E2B4FE3-FE57-4E90-B2B6-2928B7B7D4CE}.Release|Any CPU.ActiveCfg = Release|Any CPU
		{2E2B4FE3-FE57-4E90-B2B6-2928B7B7D4CE}.Release|Any CPU.Build.0 = Release|Any CPU
	EndGlobalSection
	GlobalSection(SolutionProperties) = preSolution
		HideSolutionNode = FALSE
	EndGlobalSection
	GlobalSection(ExtensibilityGlobals) = postSolution
		SolutionGuid = {1A171E37-B9A3-4641-9648-BCBE7B46BED9}
	EndGlobalSection
EndGlobal
